// !$*UTF8*$!
{
	archiveVersion = 1;
	classes = {
	};
	objectVersion = 50;
	objects = {

/* Begin PBXBuildFile section */
		18D8766B22E5AA3100028D7A /* AppDelegate.swift in Sources */ = {isa = PBXBuildFile; fileRef = 18D8766A22E5AA3100028D7A /* AppDelegate.swift */; };
		18D8766D22E5AA3100028D7A /* LoginViewController.swift in Sources */ = {isa = PBXBuildFile; fileRef = 18D8766C22E5AA3100028D7A /* LoginViewController.swift */; };
		18D8767022E5AA3100028D7A /* Main.storyboard in Resources */ = {isa = PBXBuildFile; fileRef = 18D8766E22E5AA3100028D7A /* Main.storyboard */; };
		18D8767222E5AA3500028D7A /* Assets.xcassets in Resources */ = {isa = PBXBuildFile; fileRef = 18D8767122E5AA3500028D7A /* Assets.xcassets */; };
		18D8767522E5AA3500028D7A /* LaunchScreen.storyboard in Resources */ = {isa = PBXBuildFile; fileRef = 18D8767322E5AA3500028D7A /* LaunchScreen.storyboard */; };
		18D8768422E5CACD00028D7A /* OnTheMapClient.swift in Sources */ = {isa = PBXBuildFile; fileRef = 18D8768322E5CACD00028D7A /* OnTheMapClient.swift */; };
		18D8768622E5CCBD00028D7A /* ErrorResponse.swift in Sources */ = {isa = PBXBuildFile; fileRef = 18D8768522E5CCBD00028D7A /* ErrorResponse.swift */; };
		18D8768822E5CD8C00028D7A /* UIViewController+Extension.swift in Sources */ = {isa = PBXBuildFile; fileRef = 18D8768722E5CD8C00028D7A /* UIViewController+Extension.swift */; };
		18D8768A22E5CF3000028D7A /* UdacityCredentials.swift in Sources */ = {isa = PBXBuildFile; fileRef = 18D8768922E5CF3000028D7A /* UdacityCredentials.swift */; };
		18D8768C22E5CF5D00028D7A /* LoginRequest.swift in Sources */ = {isa = PBXBuildFile; fileRef = 18D8768B22E5CF5D00028D7A /* LoginRequest.swift */; };
		18D8768E22E5D13B00028D7A /* LoginResponse.swift in Sources */ = {isa = PBXBuildFile; fileRef = 18D8768D22E5D13B00028D7A /* LoginResponse.swift */; };
		B44E933922FB6BB2001E7B42 /* AddLocationViewController.swift in Sources */ = {isa = PBXBuildFile; fileRef = B44E933822FB6BB2001E7B42 /* AddLocationViewController.swift */; };
		B45508702301882B00EE277D /* String+Extension.swift in Sources */ = {isa = PBXBuildFile; fileRef = B455086F2301882B00EE277D /* String+Extension.swift */; };
		B4B20F4322F3F3E8008E94BF /* UserDataResponse.swift in Sources */ = {isa = PBXBuildFile; fileRef = B4B20F4222F3F3E8008E94BF /* UserDataResponse.swift */; };
		B4B20F4522F40A8A008E94BF /* StudentLocation.swift in Sources */ = {isa = PBXBuildFile; fileRef = B4B20F4422F40A8A008E94BF /* StudentLocation.swift */; };
		B4B20F4722F40C69008E94BF /* StudentLocationsResponse.swift in Sources */ = {isa = PBXBuildFile; fileRef = B4B20F4622F40C69008E94BF /* StudentLocationsResponse.swift */; };
		B4B20F4922F418F4008E94BF /* MapViewController.swift in Sources */ = {isa = PBXBuildFile; fileRef = B4B20F4822F418F4008E94BF /* MapViewController.swift */; };
		B4B20F4B22F41A5A008E94BF /* TableViewController.swift in Sources */ = {isa = PBXBuildFile; fileRef = B4B20F4A22F41A5A008E94BF /* TableViewController.swift */; };
		B4B20F4D22F41AEC008E94BF /* AppData.swift in Sources */ = {isa = PBXBuildFile; fileRef = B4B20F4C22F41AEC008E94BF /* AppData.swift */; };
/* End PBXBuildFile section */

/* Begin PBXFileReference section */
		18D8766722E5AA3100028D7A /* OntheMap.app */ = {isa = PBXFileReference; explicitFileType = wrapper.application; includeInIndex = 0; path = OntheMap.app; sourceTree = BUILT_PRODUCTS_DIR; };
		18D8766A22E5AA3100028D7A /* AppDelegate.swift */ = {isa = PBXFileReference; lastKnownFileType = sourcecode.swift; path = AppDelegate.swift; sourceTree = "<group>"; };
		18D8766C22E5AA3100028D7A /* LoginViewController.swift */ = {isa = PBXFileReference; lastKnownFileType = sourcecode.swift; path = LoginViewController.swift; sourceTree = "<group>"; };
		18D8766F22E5AA3100028D7A /* Base */ = {isa = PBXFileReference; lastKnownFileType = file.storyboard; name = Base; path = Base.lproj/Main.storyboard; sourceTree = "<group>"; };
		18D8767122E5AA3500028D7A /* Assets.xcassets */ = {isa = PBXFileReference; lastKnownFileType = folder.assetcatalog; path = Assets.xcassets; sourceTree = "<group>"; };
		18D8767422E5AA3500028D7A /* Base */ = {isa = PBXFileReference; lastKnownFileType = file.storyboard; name = Base; path = Base.lproj/LaunchScreen.storyboard; sourceTree = "<group>"; };
		18D8767622E5AA3500028D7A /* Info.plist */ = {isa = PBXFileReference; lastKnownFileType = text.plist.xml; path = Info.plist; sourceTree = "<group>"; };
		18D8768322E5CACD00028D7A /* OnTheMapClient.swift */ = {isa = PBXFileReference; lastKnownFileType = sourcecode.swift; path = OnTheMapClient.swift; sourceTree = "<group>"; };
		18D8768522E5CCBD00028D7A /* ErrorResponse.swift */ = {isa = PBXFileReference; lastKnownFileType = sourcecode.swift; path = ErrorResponse.swift; sourceTree = "<group>"; };
		18D8768722E5CD8C00028D7A /* UIViewController+Extension.swift */ = {isa = PBXFileReference; lastKnownFileType = sourcecode.swift; path = "UIViewController+Extension.swift"; sourceTree = "<group>"; };
		18D8768922E5CF3000028D7A /* UdacityCredentials.swift */ = {isa = PBXFileReference; lastKnownFileType = sourcecode.swift; path = UdacityCredentials.swift; sourceTree = "<group>"; };
		18D8768B22E5CF5D00028D7A /* LoginRequest.swift */ = {isa = PBXFileReference; lastKnownFileType = sourcecode.swift; path = LoginRequest.swift; sourceTree = "<group>"; };
		18D8768D22E5D13B00028D7A /* LoginResponse.swift */ = {isa = PBXFileReference; lastKnownFileType = sourcecode.swift; path = LoginResponse.swift; sourceTree = "<group>"; };
		B44E933822FB6BB2001E7B42 /* AddLocationViewController.swift */ = {isa = PBXFileReference; lastKnownFileType = sourcecode.swift; path = AddLocationViewController.swift; sourceTree = "<group>"; };
		B455086F2301882B00EE277D /* String+Extension.swift */ = {isa = PBXFileReference; lastKnownFileType = sourcecode.swift; path = "String+Extension.swift"; sourceTree = "<group>"; };
		B4B20F4222F3F3E8008E94BF /* UserDataResponse.swift */ = {isa = PBXFileReference; lastKnownFileType = sourcecode.swift; path = UserDataResponse.swift; sourceTree = "<group>"; };
		B4B20F4422F40A8A008E94BF /* StudentLocation.swift */ = {isa = PBXFileReference; lastKnownFileType = sourcecode.swift; path = StudentLocation.swift; sourceTree = "<group>"; };
		B4B20F4622F40C69008E94BF /* StudentLocationsResponse.swift */ = {isa = PBXFileReference; lastKnownFileType = sourcecode.swift; path = StudentLocationsResponse.swift; sourceTree = "<group>"; };
		B4B20F4822F418F4008E94BF /* MapViewController.swift */ = {isa = PBXFileReference; lastKnownFileType = sourcecode.swift; path = MapViewController.swift; sourceTree = "<group>"; };
		B4B20F4A22F41A5A008E94BF /* TableViewController.swift */ = {isa = PBXFileReference; lastKnownFileType = sourcecode.swift; path = TableViewController.swift; sourceTree = "<group>"; };
		B4B20F4C22F41AEC008E94BF /* AppData.swift */ = {isa = PBXFileReference; lastKnownFileType = sourcecode.swift; name = AppData.swift; path = OntheMap/Controller/AppData.swift; sourceTree = SOURCE_ROOT; };
/* End PBXFileReference section */

/* Begin PBXFrameworksBuildPhase section */
		18D8766422E5AA3100028D7A /* Frameworks */ = {
			isa = PBXFrameworksBuildPhase;
			buildActionMask = 2147483647;
			files = (
			);
			runOnlyForDeploymentPostprocessing = 0;
		};
/* End PBXFrameworksBuildPhase section */

/* Begin PBXGroup section */
		18D8765E22E5AA3100028D7A = {
			isa = PBXGroup;
			children = (
				18D8766922E5AA3100028D7A /* OntheMap */,
				18D8766822E5AA3100028D7A /* Products */,
			);
			sourceTree = "<group>";
		};
		18D8766822E5AA3100028D7A /* Products */ = {
			isa = PBXGroup;
			children = (
				18D8766722E5AA3100028D7A /* OntheMap.app */,
			);
			name = Products;
			sourceTree = "<group>";
		};
		18D8766922E5AA3100028D7A /* OntheMap */ = {
			isa = PBXGroup;
			children = (
				18D8767E22E5CA6E00028D7A /* Model */,
				18D8766A22E5AA3100028D7A /* AppDelegate.swift */,
				B455086E2301876B00EE277D /* extensions */,
				18D8767D22E5CA5D00028D7A /* Controller */,
				18D8767C22E5CA4B00028D7A /* View */,
				18D8767622E5AA3500028D7A /* Info.plist */,
			);
			path = OntheMap;
			sourceTree = "<group>";
		};
		18D8767C22E5CA4B00028D7A /* View */ = {
			isa = PBXGroup;
			children = (
				18D8766E22E5AA3100028D7A /* Main.storyboard */,
				18D8767122E5AA3500028D7A /* Assets.xcassets */,
				18D8767322E5AA3500028D7A /* LaunchScreen.storyboard */,
			);
			path = View;
			sourceTree = "<group>";
		};
		18D8767D22E5CA5D00028D7A /* Controller */ = {
			isa = PBXGroup;
			children = (
				18D8766C22E5AA3100028D7A /* LoginViewController.swift */,
				B4B20F4822F418F4008E94BF /* MapViewController.swift */,
				B4B20F4A22F41A5A008E94BF /* TableViewController.swift */,
				B44E933822FB6BB2001E7B42 /* AddLocationViewController.swift */,
			);
			path = Controller;
			sourceTree = "<group>";
		};
		18D8767E22E5CA6E00028D7A /* Model */ = {
			isa = PBXGroup;
			children = (
				18D8768222E5CAB300028D7A /* Data */,
				18D8768122E5CAA400028D7A /* Client */,
				18D8768022E5CA9D00028D7A /* Responses */,
				18D8767F22E5CA9500028D7A /* Requests */,
			);
			path = Model;
			sourceTree = "<group>";
		};
		18D8767F22E5CA9500028D7A /* Requests */ = {
			isa = PBXGroup;
			children = (
				18D8768922E5CF3000028D7A /* UdacityCredentials.swift */,
				18D8768B22E5CF5D00028D7A /* LoginRequest.swift */,
				B4B20F4422F40A8A008E94BF /* StudentLocation.swift */,
			);
			path = Requests;
			sourceTree = "<group>";
		};
		18D8768022E5CA9D00028D7A /* Responses */ = {
			isa = PBXGroup;
			children = (
				18D8768522E5CCBD00028D7A /* ErrorResponse.swift */,
				18D8768D22E5D13B00028D7A /* LoginResponse.swift */,
				B4B20F4222F3F3E8008E94BF /* UserDataResponse.swift */,
				B4B20F4622F40C69008E94BF /* StudentLocationsResponse.swift */,
			);
			path = Responses;
			sourceTree = "<group>";
		};
		18D8768122E5CAA400028D7A /* Client */ = {
			isa = PBXGroup;
			children = (
				18D8768322E5CACD00028D7A /* OnTheMapClient.swift */,
			);
			path = Client;
			sourceTree = "<group>";
		};
		18D8768222E5CAB300028D7A /* Data */ = {
			isa = PBXGroup;
			children = (
				B4B20F4C22F41AEC008E94BF /* AppData.swift */,
			);
			path = Data;
			sourceTree = "<group>";
		};
		B455086E2301876B00EE277D /* extensions */ = {
			isa = PBXGroup;
			children = (
				18D8768722E5CD8C00028D7A /* UIViewController+Extension.swift */,
				B455086F2301882B00EE277D /* String+Extension.swift */,
			);
			path = extensions;
			sourceTree = "<group>";
		};
/* End PBXGroup section */

/* Begin PBXNativeTarget section */
		18D8766622E5AA3100028D7A /* OntheMap */ = {
			isa = PBXNativeTarget;
			buildConfigurationList = 18D8767922E5AA3500028D7A /* Build configuration list for PBXNativeTarget "OntheMap" */;
			buildPhases = (
				18D8766322E5AA3100028D7A /* Sources */,
				18D8766422E5AA3100028D7A /* Frameworks */,
				18D8766522E5AA3100028D7A /* Resources */,
			);
			buildRules = (
			);
			dependencies = (
			);
			name = OntheMap;
			productName = OntheMap;
			productReference = 18D8766722E5AA3100028D7A /* OntheMap.app */;
			productType = "com.apple.product-type.application";
		};
/* End PBXNativeTarget section */

/* Begin PBXProject section */
		18D8765F22E5AA3100028D7A /* Project object */ = {
			isa = PBXProject;
			attributes = {
				LastSwiftUpdateCheck = 1020;
				LastUpgradeCheck = 1020;
				ORGANIZATIONNAME = "RR Inc.";
				TargetAttributes = {
					18D8766622E5AA3100028D7A = {
						CreatedOnToolsVersion = 10.2.1;
					};
				};
			};
			buildConfigurationList = 18D8766222E5AA3100028D7A /* Build configuration list for PBXProject "OntheMap" */;
			compatibilityVersion = "Xcode 9.3";
			developmentRegion = en;
			hasScannedForEncodings = 0;
			knownRegions = (
				en,
				Base,
			);
			mainGroup = 18D8765E22E5AA3100028D7A;
			productRefGroup = 18D8766822E5AA3100028D7A /* Products */;
			projectDirPath = "";
			projectRoot = "";
			targets = (
				18D8766622E5AA3100028D7A /* OntheMap */,
			);
		};
/* End PBXProject section */

/* Begin PBXResourcesBuildPhase section */
		18D8766522E5AA3100028D7A /* Resources */ = {
			isa = PBXResourcesBuildPhase;
			buildActionMask = 2147483647;
			files = (
				18D8767522E5AA3500028D7A /* LaunchScreen.storyboard in Resources */,
				18D8767222E5AA3500028D7A /* Assets.xcassets in Resources */,
				18D8767022E5AA3100028D7A /* Main.storyboard in Resources */,
			);
			runOnlyForDeploymentPostprocessing = 0;
		};
/* End PBXResourcesBuildPhase section */

/* Begin PBXSourcesBuildPhase section */
		18D8766322E5AA3100028D7A /* Sources */ = {
			isa = PBXSourcesBuildPhase;
			buildActionMask = 2147483647;
			files = (
				B45508702301882B00EE277D /* String+Extension.swift in Sources */,
				B4B20F4722F40C69008E94BF /* StudentLocationsResponse.swift in Sources */,
				B4B20F4322F3F3E8008E94BF /* UserDataResponse.swift in Sources */,
				B4B20F4B22F41A5A008E94BF /* TableViewController.swift in Sources */,
				18D8768422E5CACD00028D7A /* OnTheMapClient.swift in Sources */,
				18D8766D22E5AA3100028D7A /* LoginViewController.swift in Sources */,
				18D8766B22E5AA3100028D7A /* AppDelegate.swift in Sources */,
				18D8768822E5CD8C00028D7A /* UIViewController+Extension.swift in Sources */,
				B44E933922FB6BB2001E7B42 /* AddLocationViewController.swift in Sources */,
				18D8768A22E5CF3000028D7A /* UdacityCredentials.swift in Sources */,
				B4B20F4922F418F4008E94BF /* MapViewController.swift in Sources */,
				18D8768C22E5CF5D00028D7A /* LoginRequest.swift in Sources */,
				18D8768E22E5D13B00028D7A /* LoginResponse.swift in Sources */,
				B4B20F4522F40A8A008E94BF /* StudentLocation.swift in Sources */,
				18D8768622E5CCBD00028D7A /* ErrorResponse.swift in Sources */,
				B4B20F4D22F41AEC008E94BF /* AppData.swift in Sources */,
			);
			runOnlyForDeploymentPostprocessing = 0;
		};
/* End PBXSourcesBuildPhase section */

/* Begin PBXVariantGroup section */
		18D8766E22E5AA3100028D7A /* Main.storyboard */ = {
			isa = PBXVariantGroup;
			children = (
				18D8766F22E5AA3100028D7A /* Base */,
			);
			name = Main.storyboard;
			sourceTree = "<group>";
		};
		18D8767322E5AA3500028D7A /* LaunchScreen.storyboard */ = {
			isa = PBXVariantGroup;
			children = (
				18D8767422E5AA3500028D7A /* Base */,
			);
			name = LaunchScreen.storyboard;
			sourceTree = "<group>";
		};
/* End PBXVariantGroup section */

/* Begin XCBuildConfiguration section */
		18D8767722E5AA3500028D7A /* Debug */ = {
			isa = XCBuildConfiguration;
			buildSettings = {
				ALWAYS_SEARCH_USER_PATHS = NO;
				CLANG_ANALYZER_NONNULL = YES;
				CLANG_ANALYZER_NUMBER_OBJECT_CONVERSION = YES_AGGRESSIVE;
				CLANG_CXX_LANGUAGE_STANDARD = "gnu++14";
				CLANG_CXX_LIBRARY = "libc++";
				CLANG_ENABLE_MODULES = YES;
				CLANG_ENABLE_OBJC_ARC = YES;
				CLANG_ENABLE_OBJC_WEAK = YES;
				CLANG_WARN_BLOCK_CAPTURE_AUTORELEASING = YES;
				CLANG_WARN_BOOL_CONVERSION = YES;
				CLANG_WARN_COMMA = YES;
				CLANG_WARN_CONSTANT_CONVERSION = YES;
				CLANG_WARN_DEPRECATED_OBJC_IMPLEMENTATIONS = YES;
				CLANG_WARN_DIRECT_OBJC_ISA_USAGE = YES_ERROR;
				CLANG_WARN_DOCUMENTATION_COMMENTS = YES;
				CLANG_WARN_EMPTY_BODY = YES;
				CLANG_WARN_ENUM_CONVERSION = YES;
				CLANG_WARN_INFINITE_RECURSION = YES;
				CLANG_WARN_INT_CONVERSION = YES;
				CLANG_WARN_NON_LITERAL_NULL_CONVERSION = YES;
				CLANG_WARN_OBJC_IMPLICIT_RETAIN_SELF = YES;
				CLANG_WARN_OBJC_LITERAL_CONVERSION = YES;
				CLANG_WARN_OBJC_ROOT_CLASS = YES_ERROR;
				CLANG_WARN_RANGE_LOOP_ANALYSIS = YES;
				CLANG_WARN_STRICT_PROTOTYPES = YES;
				CLANG_WARN_SUSPICIOUS_MOVE = YES;
				CLANG_WARN_UNGUARDED_AVAILABILITY = YES_AGGRESSIVE;
				CLANG_WARN_UNREACHABLE_CODE = YES;
				CLANG_WARN__DUPLICATE_METHOD_MATCH = YES;
				CODE_SIGN_IDENTITY = "iPhone Developer";
				COPY_PHASE_STRIP = NO;
				DEBUG_INFORMATION_FORMAT = dwarf;
				ENABLE_STRICT_OBJC_MSGSEND = YES;
				ENABLE_TESTABILITY = YES;
				GCC_C_LANGUAGE_STANDARD = gnu11;
				GCC_DYNAMIC_NO_PIC = NO;
				GCC_NO_COMMON_BLOCKS = YES;
				GCC_OPTIMIZATION_LEVEL = 0;
				GCC_PREPROCESSOR_DEFINITIONS = (
					"DEBUG=1",
					"$(inherited)",
				);
				GCC_WARN_64_TO_32_BIT_CONVERSION = YES;
				GCC_WARN_ABOUT_RETURN_TYPE = YES_ERROR;
				GCC_WARN_UNDECLARED_SELECTOR = YES;
				GCC_WARN_UNINITIALIZED_AUTOS = YES_AGGRESSIVE;
				GCC_WARN_UNUSED_FUNCTION = YES;
				GCC_WARN_UNUSED_VARIABLE = YES;
				IPHONEOS_DEPLOYMENT_TARGET = 12.2;
				MTL_ENABLE_DEBUG_INFO = INCLUDE_SOURCE;
				MTL_FAST_MATH = YES;
				ONLY_ACTIVE_ARCH = YES;
				SDKROOT = iphoneos;
				SWIFT_ACTIVE_COMPILATION_CONDITIONS = DEBUG;
				SWIFT_OPTIMIZATION_LEVEL = "-Onone";
			};
			name = Debug;
		};
		18D8767822E5AA3500028D7A /* Release */ = {
			isa = XCBuildConfiguration;
			buildSettings = {
				ALWAYS_SEARCH_USER_PATHS = NO;
				CLANG_ANALYZER_NONNULL = YES;
				CLANG_ANALYZER_NUMBER_OBJECT_CONVERSION = YES_AGGRESSIVE;
				CLANG_CXX_LANGUAGE_STANDARD = "gnu++14";
				CLANG_CXX_LIBRARY = "libc++";
				CLANG_ENABLE_MODULES = YES;
				CLANG_ENABLE_OBJC_ARC = YES;
				CLANG_ENABLE_OBJC_WEAK = YES;
				CLANG_WARN_BLOCK_CAPTURE_AUTORELEASING = YES;
				CLANG_WARN_BOOL_CONVERSION = YES;
				CLANG_WARN_COMMA = YES;
				CLANG_WARN_CONSTANT_CONVERSION = YES;
				CLANG_WARN_DEPRECATED_OBJC_IMPLEMENTATIONS = YES;
				CLANG_WARN_DIRECT_OBJC_ISA_USAGE = YES_ERROR;
				CLANG_WARN_DOCUMENTATION_COMMENTS = YES;
				CLANG_WARN_EMPTY_BODY = YES;
				CLANG_WARN_ENUM_CONVERSION = YES;
				CLANG_WARN_INFINITE_RECURSION = YES;
				CLANG_WARN_INT_CONVERSION = YES;
				CLANG_WARN_NON_LITERAL_NULL_CONVERSION = YES;
				CLANG_WARN_OBJC_IMPLICIT_RETAIN_SELF = YES;
				CLANG_WARN_OBJC_LITERAL_CONVERSION = YES;
				CLANG_WARN_OBJC_ROOT_CLASS = YES_ERROR;
				CLANG_WARN_RANGE_LOOP_ANALYSIS = YES;
				CLANG_WARN_STRICT_PROTOTYPES = YES;
				CLANG_WARN_SUSPICIOUS_MOVE = YES;
				CLANG_WARN_UNGUARDED_AVAILABILITY = YES_AGGRESSIVE;
				CLANG_WARN_UNREACHABLE_CODE = YES;
				CLANG_WARN__DUPLICATE_METHOD_MATCH = YES;
				CODE_SIGN_IDENTITY = "iPhone Developer";
				COPY_PHASE_STRIP = NO;
				DEBUG_INFORMATION_FORMAT = "dwarf-with-dsym";
				ENABLE_NS_ASSERTIONS = NO;
				ENABLE_STRICT_OBJC_MSGSEND = YES;
				GCC_C_LANGUAGE_STANDARD = gnu11;
				GCC_NO_COMMON_BLOCKS = YES;
				GCC_WARN_64_TO_32_BIT_CONVERSION = YES;
				GCC_WARN_ABOUT_RETURN_TYPE = YES_ERROR;
				GCC_WARN_UNDECLARED_SELECTOR = YES;
				GCC_WARN_UNINITIALIZED_AUTOS = YES_AGGRESSIVE;
				GCC_WARN_UNUSED_FUNCTION = YES;
				GCC_WARN_UNUSED_VARIABLE = YES;
				IPHONEOS_DEPLOYMENT_TARGET = 12.2;
				MTL_ENABLE_DEBUG_INFO = NO;
				MTL_FAST_MATH = YES;
				SDKROOT = iphoneos;
				SWIFT_COMPILATION_MODE = wholemodule;
				SWIFT_OPTIMIZATION_LEVEL = "-O";
				VALIDATE_PRODUCT = YES;
			};
			name = Release;
		};
		18D8767A22E5AA3500028D7A /* Debug */ = {
			isa = XCBuildConfiguration;
			buildSettings = {
				ASSETCATALOG_COMPILER_APPICON_NAME = AppIcon;
				CODE_SIGN_STYLE = Automatic;
				DEVELOPMENT_TEAM = T94EV27U43;
				INFOPLIST_FILE = OntheMap/Info.plist;
				LD_RUNPATH_SEARCH_PATHS = (
					"$(inherited)",
					"@executable_path/Frameworks",
				);
				PRODUCT_BUNDLE_IDENTIFIER = com.rrInc.OntheMap;
				PRODUCT_NAME = "$(TARGET_NAME)";
				SWIFT_VERSION = 5.0;
				TARGETED_DEVICE_FAMILY = "1,2";
			};
			name = Debug;
		};
		18D8767B22E5AA3500028D7A /* Release */ = {
			isa = XCBuildConfiguration;
			buildSettings = {
				ASSETCATALOG_COMPILER_APPICON_NAME = AppIcon;
				CODE_SIGN_STYLE = Automatic;
				DEVELOPMENT_TEAM = T94EV27U43;
				INFOPLIST_FILE = OntheMap/Info.plist;
				LD_RUNPATH_SEARCH_PATHS = (
					"$(inherited)",
					"@executable_path/Frameworks",
				);
				PRODUCT_BUNDLE_IDENTIFIER = com.rrInc.OntheMap;
				PRODUCT_NAME = "$(TARGET_NAME)";
				SWIFT_VERSION = 5.0;
				TARGETED_DEVICE_FAMILY = "1,2";
			};
			name = Release;
		};
/* End XCBuildConfiguration section */

/* Begin XCConfigurationList section */
		18D8766222E5AA3100028D7A /* Build configuration list for PBXProject "OntheMap" */ = {
			isa = XCConfigurationList;
			buildConfigurations = (
				18D8767722E5AA3500028D7A /* Debug */,
				18D8767822E5AA3500028D7A /* Release */,
			);
			defaultConfigurationIsVisible = 0;
			defaultConfigurationName = Release;
		};
		18D8767922E5AA3500028D7A /* Build configuration list for PBXNativeTarget "OntheMap" */ = {
			isa = XCConfigurationList;
			buildConfigurations = (
				18D8767A22E5AA3500028D7A /* Debug */,
				18D8767B22E5AA3500028D7A /* Release */,
			);
			defaultConfigurationIsVisible = 0;
			defaultConfigurationName = Release;
		};
/* End XCConfigurationList section */
	};
	rootObject = 18D8765F22E5AA3100028D7A /* Project object */;
}
